
Microsoft Visual Studio Solution File, Format Version 11.00
# Visual Studio 2010
Project("{FAE04EC0-301F-11D3-BF4B-00C04F79EFBC}") = "XNA_WPF_Test2", "XNA_WPF_Test2\XNA_WPF_Test2.csproj", "{36E69653-F8E1-456F-806D-F02E4A1E05DE}"
EndProject
Project("{FAE04EC0-301F-11D3-BF4B-00C04F79EFBC}") = "XNAControlGame", "XNAControlGame\XNAControlGame\XNAControlGame.csproj", "{30A203BB-AF1B-4D96-A300-638BE21703D8}"
EndProject
Project("{96E2B04D-8817-42C6-938A-82C39BA4D311}") = "XNAControlGameContent", "XNAControlGame\XNAControlGameContent\XNAControlGameContent.contentproj", "{A7EA45DB-4DBB-420F-9DD5-393E2F4AAFC1}"
EndProject
Global
	GlobalSection(SolutionConfigurationPlatforms) = preSolution
		Debug|x86 = Debug|x86
		Release|x86 = Release|x86
	EndGlobalSection
	GlobalSection(ProjectConfigurationPlatforms) = postSolution
		{36E69653-F8E1-456F-806D-F02E4A1E05DE}.Debug|x86.ActiveCfg = Debug|x86
		{36E69653-F8E1-456F-806D-F02E4A1E05DE}.Debug|x86.Build.0 = Debug|x86
		{36E69653-F8E1-456F-806D-F02E4A1E05DE}.Release|x86.ActiveCfg = Release|x86
		{36E69653-F8E1-456F-806D-F02E4A1E05DE}.Release|x86.Build.0 = Release|x86
		{30A203BB-AF1B-4D96-A300-638BE21703D8}.Debug|x86.ActiveCfg = Debug|x86
		{30A203BB-AF1B-4D96-A300-638BE21703D8}.Debug|x86.Build.0 = Debug|x86
		{30A203BB-AF1B-4D96-A300-638BE21703D8}.Release|x86.ActiveCfg = Release|x86
		{30A203BB-AF1B-4D96-A300-638BE21703D8}.Release|x86.Build.0 = Release|x86
		{A7EA45DB-4DBB-420F-9DD5-393E2F4AAFC1}.Debug|x86.ActiveCfg = Debug|x86
		{A7EA45DB-4DBB-420F-9DD5-393E2F4AAFC1}.Release|x86.ActiveCfg = Release|x86
	EndGlobalSection
	GlobalSection(SolutionProperties) = preSolution
		HideSolutionNode = FALSE
	EndGlobalSection
EndGlobal
